
Microsoft Visual Studio Solution File, Format Version 11.00
# Visual Studio 2010
Project("{8BC9CEB8-8B4A-11D0-8D11-00A0C91BC942}") = "Visibility enhancement", "Visibility enhancement\Visibility enhancement.vcxproj", "{55879908-8696-44E5-9DE7-7C3178511FB7}"
EndProject
Global
	GlobalSection(SolutionConfigurationPlatforms) = preSolution
		Debug|Win32 = Debug|Win32
		Release|Win32 = Release|Win32
	EndGlobalSection
	GlobalSection(ProjectConfigurationPlatforms) = postSolution
		{55879908-8696-44E5-9DE7-7C3178511FB7}.Debug|Win32.ActiveCfg = Debug|Win32
		{55879908-8696-44E5-9DE7-7C3178511FB7}.Debug|Win32.Build.0 = Debug|Win32
		{55879908-8696-44E5-9DE7-7C3178511FB7}.Release|Win32.ActiveCfg = Release|Win32
		{55879908-8696-44E5-9DE7-7C3178511FB7}.Release|Win32.Build.0 = Release|Win32
	EndGlobalSection
	GlobalSection(SolutionProperties) = preSolution
		HideSolutionNode = FALSE
	EndGlobalSection
EndGlobal
